
Microsoft Visual Studio Solution File, Format Version 12.00
# Visual Studio Version 17
VisualStudioVersion = 17.14.37027.9
MinimumVisualStudioVersion = 10.0.40219.1
Project("{FAE04EC0-301F-11D3-BF4B-00C04F79EFBC}") = "FrameCtrl", "FrameCtrl\FrameCtrl.csproj", "{790D0CFE-2F0C-485D-8FE0-EC958DF5A742}"
EndProject
Global
	GlobalSection(SolutionConfigurationPlatforms) = preSolution
		Debug|x64 = Debug|x64
		Release|x64 = Release|x64
	EndGlobalSection
	GlobalSection(ProjectConfigurationPlatforms) = postSolution
		{790D0CFE-2F0C-485D-8FE0-EC958DF5A742}.Debug|x64.ActiveCfg = Debug|x64
		{790D0CFE-2F0C-485D-8FE0-EC958DF5A742}.Debug|x64.Build.0 = Debug|x64
		{790D0CFE-2F0C-485D-8FE0-EC958DF5A742}.Release|x64.ActiveCfg = Release|x64
		{790D0CFE-2F0C-485D-8FE0-EC958DF5A742}.Release|x64.Build.0 = Release|x64
	EndGlobalSection
	GlobalSection(SolutionProperties) = preSolution
		HideSolutionNode = FALSE
	EndGlobalSection
	GlobalSection(ExtensibilityGlobals) = postSolution
		SolutionGuid = {1EA926D3-FA79-41FF-BBD3-D8A9FE107BEA}
	EndGlobalSection
EndGlobal
